<?xml version="1.0" encoding="utf-8"?>
<Project ToolsVersion="4.0" xmlns="http://schemas.microsoft.com/developer/msbuild/2003">
  <ItemGroup>
    <Filter Include="Source Files">
      <UniqueIdentifier>{4FC737F1-C7A5-4376-A066-2A32D752A2FF}</UniqueIdentifier>
      <Extensions>cpp;c;cc;cxx;def;odl;idl;hpj;bat;asm;asmx</Extensions>
    </Filter>
    <Filter Include="Header Files">
      <UniqueIdentifier>{93995380-89BD-4b04-88EB-625FBE52EBFB}</UniqueIdentifier>
      <Extensions>h;hh;hpp;hxx;hm;inl;inc;xsd</Extensions>
    </Filter>
    <Filter Include="Source Files\Resource Files">
      <UniqueIdentifier>{67DA6AB6-F800-4c08-8B7A-83BB121AAD01}</UniqueIdentifier>
      <Extensions>rc;ico;cur;bmp;dlg;rc2;rct;bin;rgs;gif;jpg;jpeg;jpe;resx;tiff;tif;png;wav;mfcribbon-ms</Extensions>
    </Filter>
    <Filter Include="src">
      <UniqueIdentifier>{35c7e2ad-46d8-4718-a94e-ef3be664463c}</UniqueIdentifier>
    </Filter>
    <Filter Include="src\_micro-api-readonly">
      <UniqueIdentifier>{048050ce-8dfb-4f69-8b26-d4fa93dbb0aa}</UniqueIdentifier>
    </Filter>
    <Filter Include="src\_micro-api-readonly\core">
      <UniqueIdentifier>{80ac1eaf-917a-4005-a469-b17f0c31a7e6}</UniqueIdentifier>
    </Filter>
    <Filter Include="src\_micro-api-readonly\core\apps">
      <UniqueIdentifier>{d20fd050-c1ba-456d-9d26-11bdaa85502f}</UniqueIdentifier>
    </Filter>
    <Filter Include="src\_micro-api-readonly\core\apps\sntp">
      <UniqueIdentifier>{53b5bb92-0708-4f1b-8430-df2edb933a29}</UniqueIdentifier>
    </Filter>
    <Filter Include="src\_micro-api-readonly\core\libb64">
      <UniqueIdentifier>{0a5fbf44-1089-4a64-a204-6ca9bf201394}</UniqueIdentifier>
    </Filter>
    <Filter Include="src\_micro-api-readonly\libraries">
      <UniqueIdentifier>{fe593620-8f9f-4c96-b7b5-ed3e007d9252}</UniqueIdentifier>
    </Filter>
  </ItemGroup>
  <ItemGroup>
    <ClInclude Include="__vm\.Power_Monitor.vsarduino.h">
      <Filter>Header Files</Filter>
    </ClInclude>
    <ClInclude Include="..\..\..\..\AppData\Local\arduino15\packages\esp32\hardware\esp32\2.0.4\cores\esp32\Arduino.h">
      <Filter>src\_micro-api-readonly\core</Filter>
    </ClInclude>
    <ClInclude Include="..\..\..\..\AppData\Local\arduino15\packages\esp32\hardware\esp32\2.0.4\cores\esp32\base64.h">
      <Filter>src\_micro-api-readonly\core</Filter>
    </ClInclude>
    <ClInclude Include="..\..\..\..\AppData\Local\arduino15\packages\esp32\hardware\esp32\2.0.4\cores\esp32\binary.h">
      <Filter>src\_micro-api-readonly\core</Filter>
    </ClInclude>
    <ClInclude Include="..\..\..\..\AppData\Local\arduino15\packages\esp32\hardware\esp32\2.0.4\cores\esp32\cbuf.h">
      <Filter>src\_micro-api-readonly\core</Filter>
    </ClInclude>
    <ClInclude Include="..\..\..\..\AppData\Local\arduino15\packages\esp32\hardware\esp32\2.0.4\cores\esp32\Client.h">
      <Filter>src\_micro-api-readonly\core</Filter>
    </ClInclude>
    <ClInclude Include="..\..\..\..\AppData\Local\arduino15\packages\esp32\hardware\esp32\2.0.4\cores\esp32\core_version.h">
      <Filter>src\_micro-api-readonly\core</Filter>
    </ClInclude>
    <ClInclude Include="..\..\..\..\AppData\Local\arduino15\packages\esp32\hardware\esp32\2.0.4\cores\esp32\Esp.h">
      <Filter>src\_micro-api-readonly\core</Filter>
    </ClInclude>
    <ClInclude Include="..\..\..\..\AppData\Local\arduino15\packages\esp32\hardware\esp32\2.0.4\cores\esp32\esp32-hal-adc.h">
      <Filter>src\_micro-api-readonly\core</Filter>
    </ClInclude>
    <ClInclude Include="..\..\..\..\AppData\Local\arduino15\packages\esp32\hardware\esp32\2.0.4\cores\esp32\esp32-hal-bt.h">
      <Filter>src\_micro-api-readonly\core</Filter>
    </ClInclude>
    <ClInclude Include="..\..\..\..\AppData\Local\arduino15\packages\esp32\hardware\esp32\2.0.4\cores\esp32\esp32-hal-cpu.h">
      <Filter>src\_micro-api-readonly\core</Filter>
    </ClInclude>
    <ClInclude Include="..\..\..\..\AppData\Local\arduino15\packages\esp32\hardware\esp32\2.0.4\cores\esp32\esp32-hal-dac.h">
      <Filter>src\_micro-api-readonly\core</Filter>
    </ClInclude>
    <ClInclude Include="..\..\..\..\AppData\Local\arduino15\packages\esp32\hardware\esp32\2.0.4\cores\esp32\esp32-hal-gpio.h">
      <Filter>src\_micro-api-readonly\core</Filter>
    </ClInclude>
    <ClInclude Include="..\..\..\..\AppData\Local\arduino15\packages\esp32\hardware\esp32\2.0.4\cores\esp32\esp32-hal-i2c-slave.h">
      <Filter>src\_micro-api-readonly\core</Filter>
    </ClInclude>
    <ClInclude Include="..\..\..\..\AppData\Local\arduino15\packages\esp32\hardware\esp32\2.0.4\cores\esp32\esp32-hal-i2c.h">
      <Filter>src\_micro-api-readonly\core</Filter>
    </ClInclude>
    <ClInclude Include="..\..\..\..\AppData\Local\arduino15\packages\esp32\hardware\esp32\2.0.4\cores\esp32\esp32-hal-ledc.h">
      <Filter>src\_micro-api-readonly\core</Filter>
    </ClInclude>
    <ClInclude Include="..\..\..\..\AppData\Local\arduino15\packages\esp32\hardware\esp32\2.0.4\cores\esp32\esp32-hal-log.h">
      <Filter>src\_micro-api-readonly\core</Filter>
    </ClInclude>
    <ClInclude Include="..\..\..\..\AppData\Local\arduino15\packages\esp32\hardware\esp32\2.0.4\cores\esp32\esp32-hal-matrix.h">
      <Filter>src\_micro-api-readonly\core</Filter>
    </ClInclude>
    <ClInclude Include="..\..\..\..\AppData\Local\arduino15\packages\esp32\hardware\esp32\2.0.4\cores\esp32\esp32-hal-psram.h">
      <Filter>src\_micro-api-readonly\core</Filter>
    </ClInclude>
    <ClInclude Include="..\..\..\..\AppData\Local\arduino15\packages\esp32\hardware\esp32\2.0.4\cores\esp32\esp32-hal-rgb-led.h">
      <Filter>src\_micro-api-readonly\core</Filter>
    </ClInclude>
    <ClInclude Include="..\..\..\..\AppData\Local\arduino15\packages\esp32\hardware\esp32\2.0.4\cores\esp32\esp32-hal-rmt.h">
      <Filter>src\_micro-api-readonly\core</Filter>
    </ClInclude>
    <ClInclude Include="..\..\..\..\AppData\Local\arduino15\packages\esp32\hardware\esp32\2.0.4\cores\esp32\esp32-hal-sigmadelta.h">
      <Filter>src\_micro-api-readonly\core</Filter>
    </ClInclude>
    <ClInclude Include="..\..\..\..\AppData\Local\arduino15\packages\esp32\hardware\esp32\2.0.4\cores\esp32\esp32-hal-spi.h">
      <Filter>src\_micro-api-readonly\core</Filter>
    </ClInclude>
    <ClInclude Include="..\..\..\..\AppData\Local\arduino15\packages\esp32\hardware\esp32\2.0.4\cores\esp32\esp32-hal-timer.h">
      <Filter>src\_micro-api-readonly\core</Filter>
    </ClInclude>
    <ClInclude Include="..\..\..\..\AppData\Local\arduino15\packages\esp32\hardware\esp32\2.0.4\cores\esp32\esp32-hal-tinyusb.h">
      <Filter>src\_micro-api-readonly\core</Filter>
    </ClInclude>
    <ClInclude Include="..\..\..\..\AppData\Local\arduino15\packages\esp32\hardware\esp32\2.0.4\cores\esp32\esp32-hal-touch.h">
      <Filter>src\_micro-api-readonly\core</Filter>
    </ClInclude>
    <ClInclude Include="..\..\..\..\AppData\Local\arduino15\packages\esp32\hardware\esp32\2.0.4\cores\esp32\esp32-hal-uart.h">
      <Filter>src\_micro-api-readonly\core</Filter>
    </ClInclude>
    <ClInclude Include="..\..\..\..\AppData\Local\arduino15\packages\esp32\hardware\esp32\2.0.4\cores\esp32\esp32-hal.h">
      <Filter>src\_micro-api-readonly\core</Filter>
    </ClInclude>
    <ClInclude Include="..\..\..\..\AppData\Local\arduino15\packages\esp32\hardware\esp32\2.0.4\cores\esp32\esp8266-compat.h">
      <Filter>src\_micro-api-readonly\core</Filter>
    </ClInclude>
    <ClInclude Include="..\..\..\..\AppData\Local\arduino15\packages\esp32\hardware\esp32\2.0.4\cores\esp32\esp_arduino_version.h">
      <Filter>src\_micro-api-readonly\core</Filter>
    </ClInclude>
    <ClInclude Include="..\..\..\..\AppData\Local\arduino15\packages\esp32\hardware\esp32\2.0.4\cores\esp32\FirmwareMSC.h">
      <Filter>src\_micro-api-readonly\core</Filter>
    </ClInclude>
    <ClInclude Include="..\..\..\..\AppData\Local\arduino15\packages\esp32\hardware\esp32\2.0.4\cores\esp32\firmware_msc_fat.h">
      <Filter>src\_micro-api-readonly\core</Filter>
    </ClInclude>
    <ClInclude Include="..\..\..\..\AppData\Local\arduino15\packages\esp32\hardware\esp32\2.0.4\cores\esp32\FunctionalInterrupt.h">
      <Filter>src\_micro-api-readonly\core</Filter>
    </ClInclude>
    <ClInclude Include="..\..\..\..\AppData\Local\arduino15\packages\esp32\hardware\esp32\2.0.4\cores\esp32\HardwareSerial.h">
      <Filter>src\_micro-api-readonly\core</Filter>
    </ClInclude>
    <ClInclude Include="..\..\..\..\AppData\Local\arduino15\packages\esp32\hardware\esp32\2.0.4\cores\esp32\HWCDC.h">
      <Filter>src\_micro-api-readonly\core</Filter>
    </ClInclude>
    <ClInclude Include="..\..\..\..\AppData\Local\arduino15\packages\esp32\hardware\esp32\2.0.4\cores\esp32\IPAddress.h">
      <Filter>src\_micro-api-readonly\core</Filter>
    </ClInclude>
    <ClInclude Include="..\..\..\..\AppData\Local\arduino15\packages\esp32\hardware\esp32\2.0.4\cores\esp32\IPv6Address.h">
      <Filter>src\_micro-api-readonly\core</Filter>
    </ClInclude>
    <ClInclude Include="..\..\..\..\AppData\Local\arduino15\packages\esp32\hardware\esp32\2.0.4\cores\esp32\MD5Builder.h">
      <Filter>src\_micro-api-readonly\core</Filter>
    </ClInclude>
    <ClInclude Include="..\..\..\..\AppData\Local\arduino15\packages\esp32\hardware\esp32\2.0.4\cores\esp32\pgmspace.h">
      <Filter>src\_micro-api-readonly\core</Filter>
    </ClInclude>
    <ClInclude Include="..\..\..\..\AppData\Local\arduino15\packages\esp32\hardware\esp32\2.0.4\cores\esp32\Print.h">
      <Filter>src\_micro-api-readonly\core</Filter>
    </ClInclude>
    <ClInclude Include="..\..\..\..\AppData\Local\arduino15\packages\esp32\hardware\esp32\2.0.4\cores\esp32\Printable.h">
      <Filter>src\_micro-api-readonly\core</Filter>
    </ClInclude>
    <ClInclude Include="..\..\..\..\AppData\Local\arduino15\packages\esp32\hardware\esp32\2.0.4\cores\esp32\Server.h">
      <Filter>src\_micro-api-readonly\core</Filter>
    </ClInclude>
    <ClInclude Include="..\..\..\..\AppData\Local\arduino15\packages\esp32\hardware\esp32\2.0.4\cores\esp32\stdlib_noniso.h">
      <Filter>src\_micro-api-readonly\core</Filter>
    </ClInclude>
    <ClInclude Include="..\..\..\..\AppData\Local\arduino15\packages\esp32\hardware\esp32\2.0.4\cores\esp32\Stream.h">
      <Filter>src\_micro-api-readonly\core</Filter>
    </ClInclude>
    <ClInclude Include="..\..\..\..\AppData\Local\arduino15\packages\esp32\hardware\esp32\2.0.4\cores\esp32\StreamString.h">
      <Filter>src\_micro-api-readonly\core</Filter>
    </ClInclude>
    <ClInclude Include="..\..\..\..\AppData\Local\arduino15\packages\esp32\hardware\esp32\2.0.4\cores\esp32\Udp.h">
      <Filter>src\_micro-api-readonly\core</Filter>
    </ClInclude>
    <ClInclude Include="..\..\..\..\AppData\Local\arduino15\packages\esp32\hardware\esp32\2.0.4\cores\esp32\USB.h">
      <Filter>src\_micro-api-readonly\core</Filter>
    </ClInclude>
    <ClInclude Include="..\..\..\..\AppData\Local\arduino15\packages\esp32\hardware\esp32\2.0.4\cores\esp32\USBCDC.h">
      <Filter>src\_micro-api-readonly\core</Filter>
    </ClInclude>
    <ClInclude Include="..\..\..\..\AppData\Local\arduino15\packages\esp32\hardware\esp32\2.0.4\cores\esp32\USBMSC.h">
      <Filter>src\_micro-api-readonly\core</Filter>
    </ClInclude>
    <ClInclude Include="..\..\..\..\AppData\Local\arduino15\packages\esp32\hardware\esp32\2.0.4\cores\esp32\WCharacter.h">
      <Filter>src\_micro-api-readonly\core</Filter>
    </ClInclude>
    <ClInclude Include="..\..\..\..\AppData\Local\arduino15\packages\esp32\hardware\esp32\2.0.4\cores\esp32\wiring_private.h">
      <Filter>src\_micro-api-readonly\core</Filter>
    </ClInclude>
    <ClInclude Include="..\..\..\..\AppData\Local\arduino15\packages\esp32\hardware\esp32\2.0.4\cores\esp32\WString.h">
      <Filter>src\_micro-api-readonly\core</Filter>
    </ClInclude>
    <ClInclude Include="..\..\..\..\AppData\Local\arduino15\packages\esp32\hardware\esp32\2.0.4\cores\esp32\apps\sntp\sntp.h">
      <Filter>src\_micro-api-readonly\core\apps\sntp</Filter>
    </ClInclude>
    <ClInclude Include="..\..\..\..\AppData\Local\arduino15\packages\esp32\hardware\esp32\2.0.4\cores\esp32\libb64\cdecode.h">
      <Filter>src\_micro-api-readonly\core\libb64</Filter>
    </ClInclude>
    <ClInclude Include="..\..\..\..\AppData\Local\arduino15\packages\esp32\hardware\esp32\2.0.4\cores\esp32\libb64\cencode.h">
      <Filter>src\_micro-api-readonly\core\libb64</Filter>
    </ClInclude>
    <ClInclude Include="..\..\..\..\AppData\Local\arduino15\packages\esp32\hardware\esp32\2.0.4\variants\esp32da\pins_arduino.h">
      <Filter>src\_micro-api-readonly\core</Filter>
    </ClInclude>
  </ItemGroup>
  <ItemGroup>
    <ClCompile Include="Power_Monitor.ino" />
    <ClCompile Include="..\..\..\..\AppData\Local\arduino15\packages\esp32\hardware\esp32\2.0.4\cores\esp32\base64.cpp">
      <Filter>src\_micro-api-readonly\core</Filter>
    </ClCompile>
    <ClCompile Include="..\..\..\..\AppData\Local\arduino15\packages\esp32\hardware\esp32\2.0.4\cores\esp32\cbuf.cpp">
      <Filter>src\_micro-api-readonly\core</Filter>
    </ClCompile>
    <ClCompile Include="..\..\..\..\AppData\Local\arduino15\packages\esp32\hardware\esp32\2.0.4\cores\esp32\Esp.cpp">
      <Filter>src\_micro-api-readonly\core</Filter>
    </ClCompile>
    <ClCompile Include="..\..\..\..\AppData\Local\arduino15\packages\esp32\hardware\esp32\2.0.4\cores\esp32\esp32-hal-adc.c">
      <Filter>src\_micro-api-readonly\core</Filter>
    </ClCompile>
    <ClCompile Include="..\..\..\..\AppData\Local\arduino15\packages\esp32\hardware\esp32\2.0.4\cores\esp32\esp32-hal-bt.c">
      <Filter>src\_micro-api-readonly\core</Filter>
    </ClCompile>
    <ClCompile Include="..\..\..\..\AppData\Local\arduino15\packages\esp32\hardware\esp32\2.0.4\cores\esp32\esp32-hal-cpu.c">
      <Filter>src\_micro-api-readonly\core</Filter>
    </ClCompile>
    <ClCompile Include="..\..\..\..\AppData\Local\arduino15\packages\esp32\hardware\esp32\2.0.4\cores\esp32\esp32-hal-dac.c">
      <Filter>src\_micro-api-readonly\core</Filter>
    </ClCompile>
    <ClCompile Include="..\..\..\..\AppData\Local\arduino15\packages\esp32\hardware\esp32\2.0.4\cores\esp32\esp32-hal-gpio.c">
      <Filter>src\_micro-api-readonly\core</Filter>
    </ClCompile>
    <ClCompile Include="..\..\..\..\AppData\Local\arduino15\packages\esp32\hardware\esp32\2.0.4\cores\esp32\esp32-hal-i2c-slave.c">
      <Filter>src\_micro-api-readonly\core</Filter>
    </ClCompile>
    <ClCompile Include="..\..\..\..\AppData\Local\arduino15\packages\esp32\hardware\esp32\2.0.4\cores\esp32\esp32-hal-i2c.c">
      <Filter>src\_micro-api-readonly\core</Filter>
    </ClCompile>
    <ClCompile Include="..\..\..\..\AppData\Local\arduino15\packages\esp32\hardware\esp32\2.0.4\cores\esp32\esp32-hal-ledc.c">
      <Filter>src\_micro-api-readonly\core</Filter>
    </ClCompile>
    <ClCompile Include="..\..\..\..\AppData\Local\arduino15\packages\esp32\hardware\esp32\2.0.4\cores\esp32\esp32-hal-matrix.c">
      <Filter>src\_micro-api-readonly\core</Filter>
    </ClCompile>
    <ClCompile Include="..\..\..\..\AppData\Local\arduino15\packages\esp32\hardware\esp32\2.0.4\cores\esp32\esp32-hal-misc.c">
      <Filter>src\_micro-api-readonly\core</Filter>
    </ClCompile>
    <ClCompile Include="..\..\..\..\AppData\Local\arduino15\packages\esp32\hardware\esp32\2.0.4\cores\esp32\esp32-hal-psram.c">
      <Filter>src\_micro-api-readonly\core</Filter>
    </ClCompile>
    <ClCompile Include="..\..\..\..\AppData\Local\arduino15\packages\esp32\hardware\esp32\2.0.4\cores\esp32\esp32-hal-rgb-led.c">
      <Filter>src\_micro-api-readonly\core</Filter>
    </ClCompile>
    <ClCompile Include="..\..\..\..\AppData\Local\arduino15\packages\esp32\hardware\esp32\2.0.4\cores\esp32\esp32-hal-rmt.c">
      <Filter>src\_micro-api-readonly\core</Filter>
    </ClCompile>
    <ClCompile Include="..\..\..\..\AppData\Local\arduino15\packages\esp32\hardware\esp32\2.0.4\cores\esp32\esp32-hal-sigmadelta.c">
      <Filter>src\_micro-api-readonly\core</Filter>
    </ClCompile>
    <ClCompile Include="..\..\..\..\AppData\Local\arduino15\packages\esp32\hardware\esp32\2.0.4\cores\esp32\esp32-hal-spi.c">
      <Filter>src\_micro-api-readonly\core</Filter>
    </ClCompile>
    <ClCompile Include="..\..\..\..\AppData\Local\arduino15\packages\esp32\hardware\esp32\2.0.4\cores\esp32\esp32-hal-time.c">
      <Filter>src\_micro-api-readonly\core</Filter>
    </ClCompile>
    <ClCompile Include="..\..\..\..\AppData\Local\arduino15\packages\esp32\hardware\esp32\2.0.4\cores\esp32\esp32-hal-timer.c">
      <Filter>src\_micro-api-readonly\core</Filter>
    </ClCompile>
    <ClCompile Include="..\..\..\..\AppData\Local\arduino15\packages\esp32\hardware\esp32\2.0.4\cores\esp32\esp32-hal-tinyusb.c">
      <Filter>src\_micro-api-readonly\core</Filter>
    </ClCompile>
    <ClCompile Include="..\..\..\..\AppData\Local\arduino15\packages\esp32\hardware\esp32\2.0.4\cores\esp32\esp32-hal-touch.c">
      <Filter>src\_micro-api-readonly\core</Filter>
    </ClCompile>
    <ClCompile Include="..\..\..\..\AppData\Local\arduino15\packages\esp32\hardware\esp32\2.0.4\cores\esp32\esp32-hal-uart.c">
      <Filter>src\_micro-api-readonly\core</Filter>
    </ClCompile>
    <ClCompile Include="..\..\..\..\AppData\Local\arduino15\packages\esp32\hardware\esp32\2.0.4\cores\esp32\FirmwareMSC.cpp">
      <Filter>src\_micro-api-readonly\core</Filter>
    </ClCompile>
    <ClCompile Include="..\..\..\..\AppData\Local\arduino15\packages\esp32\hardware\esp32\2.0.4\cores\esp32\firmware_msc_fat.c">
      <Filter>src\_micro-api-readonly\core</Filter>
    </ClCompile>
    <ClCompile Include="..\..\..\..\AppData\Local\arduino15\packages\esp32\hardware\esp32\2.0.4\cores\esp32\FunctionalInterrupt.cpp">
      <Filter>src\_micro-api-readonly\core</Filter>
    </ClCompile>
    <ClCompile Include="..\..\..\..\AppData\Local\arduino15\packages\esp32\hardware\esp32\2.0.4\cores\esp32\HardwareSerial.cpp">
      <Filter>src\_micro-api-readonly\core</Filter>
    </ClCompile>
    <ClCompile Include="..\..\..\..\AppData\Local\arduino15\packages\esp32\hardware\esp32\2.0.4\cores\esp32\HWCDC.cpp">
      <Filter>src\_micro-api-readonly\core</Filter>
    </ClCompile>
    <ClCompile Include="..\..\..\..\AppData\Local\arduino15\packages\esp32\hardware\esp32\2.0.4\cores\esp32\IPAddress.cpp">
      <Filter>src\_micro-api-readonly\core</Filter>
    </ClCompile>
    <ClCompile Include="..\..\..\..\AppData\Local\arduino15\packages\esp32\hardware\esp32\2.0.4\cores\esp32\IPv6Address.cpp">
      <Filter>src\_micro-api-readonly\core</Filter>
    </ClCompile>
    <ClCompile Include="..\..\..\..\AppData\Local\arduino15\packages\esp32\hardware\esp32\2.0.4\cores\esp32\main.cpp">
      <Filter>src\_micro-api-readonly\core</Filter>
    </ClCompile>
    <ClCompile Include="..\..\..\..\AppData\Local\arduino15\packages\esp32\hardware\esp32\2.0.4\cores\esp32\MD5Builder.cpp">
      <Filter>src\_micro-api-readonly\core</Filter>
    </ClCompile>
    <ClCompile Include="..\..\..\..\AppData\Local\arduino15\packages\esp32\hardware\esp32\2.0.4\cores\esp32\Print.cpp">
      <Filter>src\_micro-api-readonly\core</Filter>
    </ClCompile>
    <ClCompile Include="..\..\..\..\AppData\Local\arduino15\packages\esp32\hardware\esp32\2.0.4\cores\esp32\stdlib_noniso.c">
      <Filter>src\_micro-api-readonly\core</Filter>
    </ClCompile>
    <ClCompile Include="..\..\..\..\AppData\Local\arduino15\packages\esp32\hardware\esp32\2.0.4\cores\esp32\Stream.cpp">
      <Filter>src\_micro-api-readonly\core</Filter>
    </ClCompile>
    <ClCompile Include="..\..\..\..\AppData\Local\arduino15\packages\esp32\hardware\esp32\2.0.4\cores\esp32\StreamString.cpp">
      <Filter>src\_micro-api-readonly\core</Filter>
    </ClCompile>
    <ClCompile Include="..\..\..\..\AppData\Local\arduino15\packages\esp32\hardware\esp32\2.0.4\cores\esp32\Tone.cpp">
      <Filter>src\_micro-api-readonly\core</Filter>
    </ClCompile>
    <ClCompile Include="..\..\..\..\AppData\Local\arduino15\packages\esp32\hardware\esp32\2.0.4\cores\esp32\USB.cpp">
      <Filter>src\_micro-api-readonly\core</Filter>
    </ClCompile>
    <ClCompile Include="..\..\..\..\AppData\Local\arduino15\packages\esp32\hardware\esp32\2.0.4\cores\esp32\USBCDC.cpp">
      <Filter>src\_micro-api-readonly\core</Filter>
    </ClCompile>
    <ClCompile Include="..\..\..\..\AppData\Local\arduino15\packages\esp32\hardware\esp32\2.0.4\cores\esp32\USBMSC.cpp">
      <Filter>src\_micro-api-readonly\core</Filter>
    </ClCompile>
    <ClCompile Include="..\..\..\..\AppData\Local\arduino15\packages\esp32\hardware\esp32\2.0.4\cores\esp32\wiring_pulse.c">
      <Filter>src\_micro-api-readonly\core</Filter>
    </ClCompile>
    <ClCompile Include="..\..\..\..\AppData\Local\arduino15\packages\esp32\hardware\esp32\2.0.4\cores\esp32\wiring_shift.c">
      <Filter>src\_micro-api-readonly\core</Filter>
    </ClCompile>
    <ClCompile Include="..\..\..\..\AppData\Local\arduino15\packages\esp32\hardware\esp32\2.0.4\cores\esp32\WMath.cpp">
      <Filter>src\_micro-api-readonly\core</Filter>
    </ClCompile>
    <ClCompile Include="..\..\..\..\AppData\Local\arduino15\packages\esp32\hardware\esp32\2.0.4\cores\esp32\WString.cpp">
      <Filter>src\_micro-api-readonly\core</Filter>
    </ClCompile>
  </ItemGroup>
</Project>