<?xml version="1.0" encoding="utf-8"?>
<Project ToolsVersion="4.0" xmlns="http://schemas.microsoft.com/developer/msbuild/2003">
  <ItemGroup>
    <Filter Include="Source Files">
      <UniqueIdentifier>{4FC737F1-C7A5-4376-A066-2A32D752A2FF}</UniqueIdentifier>
      <Extensions>cpp;c;cc;cxx;def;odl;idl;hpj;bat;asm;asmx</Extensions>
    </Filter>
    <Filter Include="Header Files">
      <UniqueIdentifier>{93995380-89BD-4b04-88EB-625FBE52EBFB}</UniqueIdentifier>
      <Extensions>h;hh;hpp;hxx;hm;inl;inc;xsd</Extensions>
    </Filter>
    <Filter Include="Source Files\Resource Files">
      <UniqueIdentifier>{67DA6AB6-F800-4c08-8B7A-83BB121AAD01}</UniqueIdentifier>
      <Extensions>rc;ico;cur;bmp;dlg;rc2;rct;bin;rgs;gif;jpg;jpeg;jpe;resx;tiff;tif;png;wav;mfcribbon-ms</Extensions>
    </Filter>
    <Filter Include="src">
      <UniqueIdentifier>{814efb94-fda9-4a17-b437-f0090cdcbdeb}</UniqueIdentifier>
    </Filter>
    <Filter Include="src\_micro-api-readonly">
      <UniqueIdentifier>{382a71d0-8c32-4ce1-9b78-d5f42cc6f098}</UniqueIdentifier>
    </Filter>
    <Filter Include="src\_micro-api-readonly\core">
      <UniqueIdentifier>{0d88eefb-3306-4509-820b-9c582061dd08}</UniqueIdentifier>
    </Filter>
    <Filter Include="src\_micro-api-readonly\core\apps">
      <UniqueIdentifier>{80979f56-a6bd-494e-82d7-ed9bc42e7d88}</UniqueIdentifier>
    </Filter>
    <Filter Include="src\_micro-api-readonly\core\apps\sntp">
      <UniqueIdentifier>{cf9b6d9e-2732-44ce-a645-d70cdb0c2bc9}</UniqueIdentifier>
    </Filter>
    <Filter Include="src\_micro-api-readonly\core\libb64">
      <UniqueIdentifier>{4b2330a7-6e42-4e83-8bd8-2b15263429db}</UniqueIdentifier>
    </Filter>
    <Filter Include="src\_micro-api-readonly\libraries">
      <UniqueIdentifier>{6f83237a-f7ad-4ed0-8a9f-9830617e5493}</UniqueIdentifier>
    </Filter>
    <Filter Include="src\_micro-api-readonly\libraries\miniz-master">
      <UniqueIdentifier>{4aac43a9-a2d6-44ea-b4fb-6419831e0c09}</UniqueIdentifier>
    </Filter>
    <Filter Include="src\_micro-api-readonly\libraries\minizip-ng-develop">
      <UniqueIdentifier>{f58f91c1-5f01-4886-924f-17787e741f4f}</UniqueIdentifier>
    </Filter>
  </ItemGroup>
  <ItemGroup>
    <ClInclude Include="__vm\.Power_Monitor.vsarduino.h">
      <Filter>Header Files</Filter>
    </ClInclude>
    <ClInclude Include="..\..\..\AppData\Local\arduino15\packages\esp32\hardware\esp32\2.0.4\cores\esp32\Arduino.h">
      <Filter>src\_micro-api-readonly\core</Filter>
    </ClInclude>
    <ClInclude Include="..\..\..\AppData\Local\arduino15\packages\esp32\hardware\esp32\2.0.4\cores\esp32\base64.h">
      <Filter>src\_micro-api-readonly\core</Filter>
    </ClInclude>
    <ClInclude Include="..\..\..\AppData\Local\arduino15\packages\esp32\hardware\esp32\2.0.4\cores\esp32\binary.h">
      <Filter>src\_micro-api-readonly\core</Filter>
    </ClInclude>
    <ClInclude Include="..\..\..\AppData\Local\arduino15\packages\esp32\hardware\esp32\2.0.4\cores\esp32\cbuf.h">
      <Filter>src\_micro-api-readonly\core</Filter>
    </ClInclude>
    <ClInclude Include="..\..\..\AppData\Local\arduino15\packages\esp32\hardware\esp32\2.0.4\cores\esp32\Client.h">
      <Filter>src\_micro-api-readonly\core</Filter>
    </ClInclude>
    <ClInclude Include="..\..\..\AppData\Local\arduino15\packages\esp32\hardware\esp32\2.0.4\cores\esp32\core_version.h">
      <Filter>src\_micro-api-readonly\core</Filter>
    </ClInclude>
    <ClInclude Include="..\..\..\AppData\Local\arduino15\packages\esp32\hardware\esp32\2.0.4\cores\esp32\Esp.h">
      <Filter>src\_micro-api-readonly\core</Filter>
    </ClInclude>
    <ClInclude Include="..\..\..\AppData\Local\arduino15\packages\esp32\hardware\esp32\2.0.4\cores\esp32\esp32-hal-adc.h">
      <Filter>src\_micro-api-readonly\core</Filter>
    </ClInclude>
    <ClInclude Include="..\..\..\AppData\Local\arduino15\packages\esp32\hardware\esp32\2.0.4\cores\esp32\esp32-hal-bt.h">
      <Filter>src\_micro-api-readonly\core</Filter>
    </ClInclude>
    <ClInclude Include="..\..\..\AppData\Local\arduino15\packages\esp32\hardware\esp32\2.0.4\cores\esp32\esp32-hal-cpu.h">
      <Filter>src\_micro-api-readonly\core</Filter>
    </ClInclude>
    <ClInclude Include="..\..\..\AppData\Local\arduino15\packages\esp32\hardware\esp32\2.0.4\cores\esp32\esp32-hal-dac.h">
      <Filter>src\_micro-api-readonly\core</Filter>
    </ClInclude>
    <ClInclude Include="..\..\..\AppData\Local\arduino15\packages\esp32\hardware\esp32\2.0.4\cores\esp32\esp32-hal-gpio.h">
      <Filter>src\_micro-api-readonly\core</Filter>
    </ClInclude>
    <ClInclude Include="..\..\..\AppData\Local\arduino15\packages\esp32\hardware\esp32\2.0.4\cores\esp32\esp32-hal-i2c-slave.h">
      <Filter>src\_micro-api-readonly\core</Filter>
    </ClInclude>
    <ClInclude Include="..\..\..\AppData\Local\arduino15\packages\esp32\hardware\esp32\2.0.4\cores\esp32\esp32-hal-i2c.h">
      <Filter>src\_micro-api-readonly\core</Filter>
    </ClInclude>
    <ClInclude Include="..\..\..\AppData\Local\arduino15\packages\esp32\hardware\esp32\2.0.4\cores\esp32\esp32-hal-ledc.h">
      <Filter>src\_micro-api-readonly\core</Filter>
    </ClInclude>
    <ClInclude Include="..\..\..\AppData\Local\arduino15\packages\esp32\hardware\esp32\2.0.4\cores\esp32\esp32-hal-log.h">
      <Filter>src\_micro-api-readonly\core</Filter>
    </ClInclude>
    <ClInclude Include="..\..\..\AppData\Local\arduino15\packages\esp32\hardware\esp32\2.0.4\cores\esp32\esp32-hal-matrix.h">
      <Filter>src\_micro-api-readonly\core</Filter>
    </ClInclude>
    <ClInclude Include="..\..\..\AppData\Local\arduino15\packages\esp32\hardware\esp32\2.0.4\cores\esp32\esp32-hal-psram.h">
      <Filter>src\_micro-api-readonly\core</Filter>
    </ClInclude>
    <ClInclude Include="..\..\..\AppData\Local\arduino15\packages\esp32\hardware\esp32\2.0.4\cores\esp32\esp32-hal-rgb-led.h">
      <Filter>src\_micro-api-readonly\core</Filter>
    </ClInclude>
    <ClInclude Include="..\..\..\AppData\Local\arduino15\packages\esp32\hardware\esp32\2.0.4\cores\esp32\esp32-hal-rmt.h">
      <Filter>src\_micro-api-readonly\core</Filter>
    </ClInclude>
    <ClInclude Include="..\..\..\AppData\Local\arduino15\packages\esp32\hardware\esp32\2.0.4\cores\esp32\esp32-hal-sigmadelta.h">
      <Filter>src\_micro-api-readonly\core</Filter>
    </ClInclude>
    <ClInclude Include="..\..\..\AppData\Local\arduino15\packages\esp32\hardware\esp32\2.0.4\cores\esp32\esp32-hal-spi.h">
      <Filter>src\_micro-api-readonly\core</Filter>
    </ClInclude>
    <ClInclude Include="..\..\..\AppData\Local\arduino15\packages\esp32\hardware\esp32\2.0.4\cores\esp32\esp32-hal-timer.h">
      <Filter>src\_micro-api-readonly\core</Filter>
    </ClInclude>
    <ClInclude Include="..\..\..\AppData\Local\arduino15\packages\esp32\hardware\esp32\2.0.4\cores\esp32\esp32-hal-tinyusb.h">
      <Filter>src\_micro-api-readonly\core</Filter>
    </ClInclude>
    <ClInclude Include="..\..\..\AppData\Local\arduino15\packages\esp32\hardware\esp32\2.0.4\cores\esp32\esp32-hal-touch.h">
      <Filter>src\_micro-api-readonly\core</Filter>
    </ClInclude>
    <ClInclude Include="..\..\..\AppData\Local\arduino15\packages\esp32\hardware\esp32\2.0.4\cores\esp32\esp32-hal-uart.h">
      <Filter>src\_micro-api-readonly\core</Filter>
    </ClInclude>
    <ClInclude Include="..\..\..\AppData\Local\arduino15\packages\esp32\hardware\esp32\2.0.4\cores\esp32\esp32-hal.h">
      <Filter>src\_micro-api-readonly\core</Filter>
    </ClInclude>
    <ClInclude Include="..\..\..\AppData\Local\arduino15\packages\esp32\hardware\esp32\2.0.4\cores\esp32\esp8266-compat.h">
      <Filter>src\_micro-api-readonly\core</Filter>
    </ClInclude>
    <ClInclude Include="..\..\..\AppData\Local\arduino15\packages\esp32\hardware\esp32\2.0.4\cores\esp32\esp_arduino_version.h">
      <Filter>src\_micro-api-readonly\core</Filter>
    </ClInclude>
    <ClInclude Include="..\..\..\AppData\Local\arduino15\packages\esp32\hardware\esp32\2.0.4\cores\esp32\FirmwareMSC.h">
      <Filter>src\_micro-api-readonly\core</Filter>
    </ClInclude>
    <ClInclude Include="..\..\..\AppData\Local\arduino15\packages\esp32\hardware\esp32\2.0.4\cores\esp32\firmware_msc_fat.h">
      <Filter>src\_micro-api-readonly\core</Filter>
    </ClInclude>
    <ClInclude Include="..\..\..\AppData\Local\arduino15\packages\esp32\hardware\esp32\2.0.4\cores\esp32\FunctionalInterrupt.h">
      <Filter>src\_micro-api-readonly\core</Filter>
    </ClInclude>
    <ClInclude Include="..\..\..\AppData\Local\arduino15\packages\esp32\hardware\esp32\2.0.4\cores\esp32\HardwareSerial.h">
      <Filter>src\_micro-api-readonly\core</Filter>
    </ClInclude>
    <ClInclude Include="..\..\..\AppData\Local\arduino15\packages\esp32\hardware\esp32\2.0.4\cores\esp32\HWCDC.h">
      <Filter>src\_micro-api-readonly\core</Filter>
    </ClInclude>
    <ClInclude Include="..\..\..\AppData\Local\arduino15\packages\esp32\hardware\esp32\2.0.4\cores\esp32\IPAddress.h">
      <Filter>src\_micro-api-readonly\core</Filter>
    </ClInclude>
    <ClInclude Include="..\..\..\AppData\Local\arduino15\packages\esp32\hardware\esp32\2.0.4\cores\esp32\IPv6Address.h">
      <Filter>src\_micro-api-readonly\core</Filter>
    </ClInclude>
    <ClInclude Include="..\..\..\AppData\Local\arduino15\packages\esp32\hardware\esp32\2.0.4\cores\esp32\MD5Builder.h">
      <Filter>src\_micro-api-readonly\core</Filter>
    </ClInclude>
    <ClInclude Include="..\..\..\AppData\Local\arduino15\packages\esp32\hardware\esp32\2.0.4\cores\esp32\pgmspace.h">
      <Filter>src\_micro-api-readonly\core</Filter>
    </ClInclude>
    <ClInclude Include="..\..\..\AppData\Local\arduino15\packages\esp32\hardware\esp32\2.0.4\cores\esp32\Print.h">
      <Filter>src\_micro-api-readonly\core</Filter>
    </ClInclude>
    <ClInclude Include="..\..\..\AppData\Local\arduino15\packages\esp32\hardware\esp32\2.0.4\cores\esp32\Printable.h">
      <Filter>src\_micro-api-readonly\core</Filter>
    </ClInclude>
    <ClInclude Include="..\..\..\AppData\Local\arduino15\packages\esp32\hardware\esp32\2.0.4\cores\esp32\Server.h">
      <Filter>src\_micro-api-readonly\core</Filter>
    </ClInclude>
    <ClInclude Include="..\..\..\AppData\Local\arduino15\packages\esp32\hardware\esp32\2.0.4\cores\esp32\stdlib_noniso.h">
      <Filter>src\_micro-api-readonly\core</Filter>
    </ClInclude>
    <ClInclude Include="..\..\..\AppData\Local\arduino15\packages\esp32\hardware\esp32\2.0.4\cores\esp32\Stream.h">
      <Filter>src\_micro-api-readonly\core</Filter>
    </ClInclude>
    <ClInclude Include="..\..\..\AppData\Local\arduino15\packages\esp32\hardware\esp32\2.0.4\cores\esp32\StreamString.h">
      <Filter>src\_micro-api-readonly\core</Filter>
    </ClInclude>
    <ClInclude Include="..\..\..\AppData\Local\arduino15\packages\esp32\hardware\esp32\2.0.4\cores\esp32\Udp.h">
      <Filter>src\_micro-api-readonly\core</Filter>
    </ClInclude>
    <ClInclude Include="..\..\..\AppData\Local\arduino15\packages\esp32\hardware\esp32\2.0.4\cores\esp32\USB.h">
      <Filter>src\_micro-api-readonly\core</Filter>
    </ClInclude>
    <ClInclude Include="..\..\..\AppData\Local\arduino15\packages\esp32\hardware\esp32\2.0.4\cores\esp32\USBCDC.h">
      <Filter>src\_micro-api-readonly\core</Filter>
    </ClInclude>
    <ClInclude Include="..\..\..\AppData\Local\arduino15\packages\esp32\hardware\esp32\2.0.4\cores\esp32\USBMSC.h">
      <Filter>src\_micro-api-readonly\core</Filter>
    </ClInclude>
    <ClInclude Include="..\..\..\AppData\Local\arduino15\packages\esp32\hardware\esp32\2.0.4\cores\esp32\WCharacter.h">
      <Filter>src\_micro-api-readonly\core</Filter>
    </ClInclude>
    <ClInclude Include="..\..\..\AppData\Local\arduino15\packages\esp32\hardware\esp32\2.0.4\cores\esp32\wiring_private.h">
      <Filter>src\_micro-api-readonly\core</Filter>
    </ClInclude>
    <ClInclude Include="..\..\..\AppData\Local\arduino15\packages\esp32\hardware\esp32\2.0.4\cores\esp32\WString.h">
      <Filter>src\_micro-api-readonly\core</Filter>
    </ClInclude>
    <ClInclude Include="..\..\..\AppData\Local\arduino15\packages\esp32\hardware\esp32\2.0.4\cores\esp32\apps\sntp\sntp.h">
      <Filter>src\_micro-api-readonly\core\apps\sntp</Filter>
    </ClInclude>
    <ClInclude Include="..\..\..\AppData\Local\arduino15\packages\esp32\hardware\esp32\2.0.4\cores\esp32\libb64\cdecode.h">
      <Filter>src\_micro-api-readonly\core\libb64</Filter>
    </ClInclude>
    <ClInclude Include="..\..\..\AppData\Local\arduino15\packages\esp32\hardware\esp32\2.0.4\cores\esp32\libb64\cencode.h">
      <Filter>src\_micro-api-readonly\core\libb64</Filter>
    </ClInclude>
    <ClInclude Include="..\..\..\AppData\Local\arduino15\packages\esp32\hardware\esp32\2.0.4\variants\esp32da\pins_arduino.h">
      <Filter>src\_micro-api-readonly\core</Filter>
    </ClInclude>
    <ClInclude Include="..\..\..\Documents\Arduino\libraries\miniz-master\miniz.h">
      <Filter>src\_micro-api-readonly\libraries\miniz-master</Filter>
    </ClInclude>
    <ClInclude Include="..\..\..\Documents\Arduino\libraries\miniz-master\miniz_common.h">
      <Filter>src\_micro-api-readonly\libraries\miniz-master</Filter>
    </ClInclude>
    <ClInclude Include="..\..\..\Documents\Arduino\libraries\miniz-master\miniz_tdef.h">
      <Filter>src\_micro-api-readonly\libraries\miniz-master</Filter>
    </ClInclude>
    <ClInclude Include="..\..\..\Documents\Arduino\libraries\miniz-master\miniz_tinfl.h">
      <Filter>src\_micro-api-readonly\libraries\miniz-master</Filter>
    </ClInclude>
    <ClInclude Include="..\..\..\Documents\Arduino\libraries\miniz-master\miniz_zip.h">
      <Filter>src\_micro-api-readonly\libraries\miniz-master</Filter>
    </ClInclude>
    <ClInclude Include="..\..\..\Documents\Arduino\libraries\minizip-ng-develop\mz.h">
      <Filter>src\_micro-api-readonly\libraries\minizip-ng-develop</Filter>
    </ClInclude>
    <ClInclude Include="..\..\..\Documents\Arduino\libraries\minizip-ng-develop\mz_crypt.h">
      <Filter>src\_micro-api-readonly\libraries\minizip-ng-develop</Filter>
    </ClInclude>
    <ClInclude Include="..\..\..\Documents\Arduino\libraries\minizip-ng-develop\mz_os.h">
      <Filter>src\_micro-api-readonly\libraries\minizip-ng-develop</Filter>
    </ClInclude>
    <ClInclude Include="..\..\..\Documents\Arduino\libraries\minizip-ng-develop\mz_strm.h">
      <Filter>src\_micro-api-readonly\libraries\minizip-ng-develop</Filter>
    </ClInclude>
    <ClInclude Include="..\..\..\Documents\Arduino\libraries\minizip-ng-develop\mz_strm_buf.h">
      <Filter>src\_micro-api-readonly\libraries\minizip-ng-develop</Filter>
    </ClInclude>
    <ClInclude Include="..\..\..\Documents\Arduino\libraries\minizip-ng-develop\mz_strm_bzip.h">
      <Filter>src\_micro-api-readonly\libraries\minizip-ng-develop</Filter>
    </ClInclude>
    <ClInclude Include="..\..\..\Documents\Arduino\libraries\minizip-ng-develop\mz_strm_libcomp.h">
      <Filter>src\_micro-api-readonly\libraries\minizip-ng-develop</Filter>
    </ClInclude>
    <ClInclude Include="..\..\..\Documents\Arduino\libraries\minizip-ng-develop\mz_strm_lzma.h">
      <Filter>src\_micro-api-readonly\libraries\minizip-ng-develop</Filter>
    </ClInclude>
    <ClInclude Include="..\..\..\Documents\Arduino\libraries\minizip-ng-develop\mz_strm_mem.h">
      <Filter>src\_micro-api-readonly\libraries\minizip-ng-develop</Filter>
    </ClInclude>
    <ClInclude Include="..\..\..\Documents\Arduino\libraries\minizip-ng-develop\mz_strm_os.h">
      <Filter>src\_micro-api-readonly\libraries\minizip-ng-develop</Filter>
    </ClInclude>
    <ClInclude Include="..\..\..\Documents\Arduino\libraries\minizip-ng-develop\mz_strm_pkcrypt.h">
      <Filter>src\_micro-api-readonly\libraries\minizip-ng-develop</Filter>
    </ClInclude>
    <ClInclude Include="..\..\..\Documents\Arduino\libraries\minizip-ng-develop\mz_strm_split.h">
      <Filter>src\_micro-api-readonly\libraries\minizip-ng-develop</Filter>
    </ClInclude>
    <ClInclude Include="..\..\..\Documents\Arduino\libraries\minizip-ng-develop\mz_strm_wzaes.h">
      <Filter>src\_micro-api-readonly\libraries\minizip-ng-develop</Filter>
    </ClInclude>
    <ClInclude Include="..\..\..\Documents\Arduino\libraries\minizip-ng-develop\mz_strm_zlib.h">
      <Filter>src\_micro-api-readonly\libraries\minizip-ng-develop</Filter>
    </ClInclude>
    <ClInclude Include="..\..\..\Documents\Arduino\libraries\minizip-ng-develop\mz_strm_zstd.h">
      <Filter>src\_micro-api-readonly\libraries\minizip-ng-develop</Filter>
    </ClInclude>
    <ClInclude Include="..\..\..\Documents\Arduino\libraries\minizip-ng-develop\mz_zip.h">
      <Filter>src\_micro-api-readonly\libraries\minizip-ng-develop</Filter>
    </ClInclude>
    <ClInclude Include="..\..\..\Documents\Arduino\libraries\minizip-ng-develop\mz_zip_rw.h">
      <Filter>src\_micro-api-readonly\libraries\minizip-ng-develop</Filter>
    </ClInclude>
  </ItemGroup>
  <ItemGroup>
    <ClCompile Include="Power_Monitor.ino" />
    <ClCompile Include="..\..\..\AppData\Local\arduino15\packages\esp32\hardware\esp32\2.0.4\cores\esp32\base64.cpp">
      <Filter>src\_micro-api-readonly\core</Filter>
    </ClCompile>
    <ClCompile Include="..\..\..\AppData\Local\arduino15\packages\esp32\hardware\esp32\2.0.4\cores\esp32\cbuf.cpp">
      <Filter>src\_micro-api-readonly\core</Filter>
    </ClCompile>
    <ClCompile Include="..\..\..\AppData\Local\arduino15\packages\esp32\hardware\esp32\2.0.4\cores\esp32\Esp.cpp">
      <Filter>src\_micro-api-readonly\core</Filter>
    </ClCompile>
    <ClCompile Include="..\..\..\AppData\Local\arduino15\packages\esp32\hardware\esp32\2.0.4\cores\esp32\esp32-hal-adc.c">
      <Filter>src\_micro-api-readonly\core</Filter>
    </ClCompile>
    <ClCompile Include="..\..\..\AppData\Local\arduino15\packages\esp32\hardware\esp32\2.0.4\cores\esp32\esp32-hal-bt.c">
      <Filter>src\_micro-api-readonly\core</Filter>
    </ClCompile>
    <ClCompile Include="..\..\..\AppData\Local\arduino15\packages\esp32\hardware\esp32\2.0.4\cores\esp32\esp32-hal-cpu.c">
      <Filter>src\_micro-api-readonly\core</Filter>
    </ClCompile>
    <ClCompile Include="..\..\..\AppData\Local\arduino15\packages\esp32\hardware\esp32\2.0.4\cores\esp32\esp32-hal-dac.c">
      <Filter>src\_micro-api-readonly\core</Filter>
    </ClCompile>
    <ClCompile Include="..\..\..\AppData\Local\arduino15\packages\esp32\hardware\esp32\2.0.4\cores\esp32\esp32-hal-gpio.c">
      <Filter>src\_micro-api-readonly\core</Filter>
    </ClCompile>
    <ClCompile Include="..\..\..\AppData\Local\arduino15\packages\esp32\hardware\esp32\2.0.4\cores\esp32\esp32-hal-i2c-slave.c">
      <Filter>src\_micro-api-readonly\core</Filter>
    </ClCompile>
    <ClCompile Include="..\..\..\AppData\Local\arduino15\packages\esp32\hardware\esp32\2.0.4\cores\esp32\esp32-hal-i2c.c">
      <Filter>src\_micro-api-readonly\core</Filter>
    </ClCompile>
    <ClCompile Include="..\..\..\AppData\Local\arduino15\packages\esp32\hardware\esp32\2.0.4\cores\esp32\esp32-hal-ledc.c">
      <Filter>src\_micro-api-readonly\core</Filter>
    </ClCompile>
    <ClCompile Include="..\..\..\AppData\Local\arduino15\packages\esp32\hardware\esp32\2.0.4\cores\esp32\esp32-hal-matrix.c">
      <Filter>src\_micro-api-readonly\core</Filter>
    </ClCompile>
    <ClCompile Include="..\..\..\AppData\Local\arduino15\packages\esp32\hardware\esp32\2.0.4\cores\esp32\esp32-hal-misc.c">
      <Filter>src\_micro-api-readonly\core</Filter>
    </ClCompile>
    <ClCompile Include="..\..\..\AppData\Local\arduino15\packages\esp32\hardware\esp32\2.0.4\cores\esp32\esp32-hal-psram.c">
      <Filter>src\_micro-api-readonly\core</Filter>
    </ClCompile>
    <ClCompile Include="..\..\..\AppData\Local\arduino15\packages\esp32\hardware\esp32\2.0.4\cores\esp32\esp32-hal-rgb-led.c">
      <Filter>src\_micro-api-readonly\core</Filter>
    </ClCompile>
    <ClCompile Include="..\..\..\AppData\Local\arduino15\packages\esp32\hardware\esp32\2.0.4\cores\esp32\esp32-hal-rmt.c">
      <Filter>src\_micro-api-readonly\core</Filter>
    </ClCompile>
    <ClCompile Include="..\..\..\AppData\Local\arduino15\packages\esp32\hardware\esp32\2.0.4\cores\esp32\esp32-hal-sigmadelta.c">
      <Filter>src\_micro-api-readonly\core</Filter>
    </ClCompile>
    <ClCompile Include="..\..\..\AppData\Local\arduino15\packages\esp32\hardware\esp32\2.0.4\cores\esp32\esp32-hal-spi.c">
      <Filter>src\_micro-api-readonly\core</Filter>
    </ClCompile>
    <ClCompile Include="..\..\..\AppData\Local\arduino15\packages\esp32\hardware\esp32\2.0.4\cores\esp32\esp32-hal-time.c">
      <Filter>src\_micro-api-readonly\core</Filter>
    </ClCompile>
    <ClCompile Include="..\..\..\AppData\Local\arduino15\packages\esp32\hardware\esp32\2.0.4\cores\esp32\esp32-hal-timer.c">
      <Filter>src\_micro-api-readonly\core</Filter>
    </ClCompile>
    <ClCompile Include="..\..\..\AppData\Local\arduino15\packages\esp32\hardware\esp32\2.0.4\cores\esp32\esp32-hal-tinyusb.c">
      <Filter>src\_micro-api-readonly\core</Filter>
    </ClCompile>
    <ClCompile Include="..\..\..\AppData\Local\arduino15\packages\esp32\hardware\esp32\2.0.4\cores\esp32\esp32-hal-touch.c">
      <Filter>src\_micro-api-readonly\core</Filter>
    </ClCompile>
    <ClCompile Include="..\..\..\AppData\Local\arduino15\packages\esp32\hardware\esp32\2.0.4\cores\esp32\esp32-hal-uart.c">
      <Filter>src\_micro-api-readonly\core</Filter>
    </ClCompile>
    <ClCompile Include="..\..\..\AppData\Local\arduino15\packages\esp32\hardware\esp32\2.0.4\cores\esp32\FirmwareMSC.cpp">
      <Filter>src\_micro-api-readonly\core</Filter>
    </ClCompile>
    <ClCompile Include="..\..\..\AppData\Local\arduino15\packages\esp32\hardware\esp32\2.0.4\cores\esp32\firmware_msc_fat.c">
      <Filter>src\_micro-api-readonly\core</Filter>
    </ClCompile>
    <ClCompile Include="..\..\..\AppData\Local\arduino15\packages\esp32\hardware\esp32\2.0.4\cores\esp32\FunctionalInterrupt.cpp">
      <Filter>src\_micro-api-readonly\core</Filter>
    </ClCompile>
    <ClCompile Include="..\..\..\AppData\Local\arduino15\packages\esp32\hardware\esp32\2.0.4\cores\esp32\HardwareSerial.cpp">
      <Filter>src\_micro-api-readonly\core</Filter>
    </ClCompile>
    <ClCompile Include="..\..\..\AppData\Local\arduino15\packages\esp32\hardware\esp32\2.0.4\cores\esp32\HWCDC.cpp">
      <Filter>src\_micro-api-readonly\core</Filter>
    </ClCompile>
    <ClCompile Include="..\..\..\AppData\Local\arduino15\packages\esp32\hardware\esp32\2.0.4\cores\esp32\IPAddress.cpp">
      <Filter>src\_micro-api-readonly\core</Filter>
    </ClCompile>
    <ClCompile Include="..\..\..\AppData\Local\arduino15\packages\esp32\hardware\esp32\2.0.4\cores\esp32\IPv6Address.cpp">
      <Filter>src\_micro-api-readonly\core</Filter>
    </ClCompile>
    <ClCompile Include="..\..\..\AppData\Local\arduino15\packages\esp32\hardware\esp32\2.0.4\cores\esp32\main.cpp">
      <Filter>src\_micro-api-readonly\core</Filter>
    </ClCompile>
    <ClCompile Include="..\..\..\AppData\Local\arduino15\packages\esp32\hardware\esp32\2.0.4\cores\esp32\MD5Builder.cpp">
      <Filter>src\_micro-api-readonly\core</Filter>
    </ClCompile>
    <ClCompile Include="..\..\..\AppData\Local\arduino15\packages\esp32\hardware\esp32\2.0.4\cores\esp32\Print.cpp">
      <Filter>src\_micro-api-readonly\core</Filter>
    </ClCompile>
    <ClCompile Include="..\..\..\AppData\Local\arduino15\packages\esp32\hardware\esp32\2.0.4\cores\esp32\stdlib_noniso.c">
      <Filter>src\_micro-api-readonly\core</Filter>
    </ClCompile>
    <ClCompile Include="..\..\..\AppData\Local\arduino15\packages\esp32\hardware\esp32\2.0.4\cores\esp32\Stream.cpp">
      <Filter>src\_micro-api-readonly\core</Filter>
    </ClCompile>
    <ClCompile Include="..\..\..\AppData\Local\arduino15\packages\esp32\hardware\esp32\2.0.4\cores\esp32\StreamString.cpp">
      <Filter>src\_micro-api-readonly\core</Filter>
    </ClCompile>
    <ClCompile Include="..\..\..\AppData\Local\arduino15\packages\esp32\hardware\esp32\2.0.4\cores\esp32\Tone.cpp">
      <Filter>src\_micro-api-readonly\core</Filter>
    </ClCompile>
    <ClCompile Include="..\..\..\AppData\Local\arduino15\packages\esp32\hardware\esp32\2.0.4\cores\esp32\USB.cpp">
      <Filter>src\_micro-api-readonly\core</Filter>
    </ClCompile>
    <ClCompile Include="..\..\..\AppData\Local\arduino15\packages\esp32\hardware\esp32\2.0.4\cores\esp32\USBCDC.cpp">
      <Filter>src\_micro-api-readonly\core</Filter>
    </ClCompile>
    <ClCompile Include="..\..\..\AppData\Local\arduino15\packages\esp32\hardware\esp32\2.0.4\cores\esp32\USBMSC.cpp">
      <Filter>src\_micro-api-readonly\core</Filter>
    </ClCompile>
    <ClCompile Include="..\..\..\AppData\Local\arduino15\packages\esp32\hardware\esp32\2.0.4\cores\esp32\wiring_pulse.c">
      <Filter>src\_micro-api-readonly\core</Filter>
    </ClCompile>
    <ClCompile Include="..\..\..\AppData\Local\arduino15\packages\esp32\hardware\esp32\2.0.4\cores\esp32\wiring_shift.c">
      <Filter>src\_micro-api-readonly\core</Filter>
    </ClCompile>
    <ClCompile Include="..\..\..\AppData\Local\arduino15\packages\esp32\hardware\esp32\2.0.4\cores\esp32\WMath.cpp">
      <Filter>src\_micro-api-readonly\core</Filter>
    </ClCompile>
    <ClCompile Include="..\..\..\AppData\Local\arduino15\packages\esp32\hardware\esp32\2.0.4\cores\esp32\WString.cpp">
      <Filter>src\_micro-api-readonly\core</Filter>
    </ClCompile>
    <ClCompile Include="..\..\..\Documents\Arduino\libraries\miniz-master\miniz.c">
      <Filter>src\_micro-api-readonly\libraries\miniz-master</Filter>
    </ClCompile>
    <ClCompile Include="..\..\..\Documents\Arduino\libraries\miniz-master\miniz_tdef.c">
      <Filter>src\_micro-api-readonly\libraries\miniz-master</Filter>
    </ClCompile>
    <ClCompile Include="..\..\..\Documents\Arduino\libraries\miniz-master\miniz_tinfl.c">
      <Filter>src\_micro-api-readonly\libraries\miniz-master</Filter>
    </ClCompile>
    <ClCompile Include="..\..\..\Documents\Arduino\libraries\miniz-master\miniz_zip.c">
      <Filter>src\_micro-api-readonly\libraries\miniz-master</Filter>
    </ClCompile>
    <ClCompile Include="..\..\..\Documents\Arduino\libraries\minizip-ng-develop\minigzip.c">
      <Filter>src\_micro-api-readonly\libraries\minizip-ng-develop</Filter>
    </ClCompile>
    <ClCompile Include="..\..\..\Documents\Arduino\libraries\minizip-ng-develop\minizip.c">
      <Filter>src\_micro-api-readonly\libraries\minizip-ng-develop</Filter>
    </ClCompile>
    <ClCompile Include="..\..\..\Documents\Arduino\libraries\minizip-ng-develop\mz_crypt.c">
      <Filter>src\_micro-api-readonly\libraries\minizip-ng-develop</Filter>
    </ClCompile>
    <ClCompile Include="..\..\..\Documents\Arduino\libraries\minizip-ng-develop\mz_crypt_apple.c">
      <Filter>src\_micro-api-readonly\libraries\minizip-ng-develop</Filter>
    </ClCompile>
    <ClCompile Include="..\..\..\Documents\Arduino\libraries\minizip-ng-develop\mz_crypt_openssl.c">
      <Filter>src\_micro-api-readonly\libraries\minizip-ng-develop</Filter>
    </ClCompile>
    <ClCompile Include="..\..\..\Documents\Arduino\libraries\minizip-ng-develop\mz_crypt_winvista.c">
      <Filter>src\_micro-api-readonly\libraries\minizip-ng-develop</Filter>
    </ClCompile>
    <ClCompile Include="..\..\..\Documents\Arduino\libraries\minizip-ng-develop\mz_crypt_winxp.c">
      <Filter>src\_micro-api-readonly\libraries\minizip-ng-develop</Filter>
    </ClCompile>
    <ClCompile Include="..\..\..\Documents\Arduino\libraries\minizip-ng-develop\mz_os.c">
      <Filter>src\_micro-api-readonly\libraries\minizip-ng-develop</Filter>
    </ClCompile>
    <ClCompile Include="..\..\..\Documents\Arduino\libraries\minizip-ng-develop\mz_os_posix.c">
      <Filter>src\_micro-api-readonly\libraries\minizip-ng-develop</Filter>
    </ClCompile>
    <ClCompile Include="..\..\..\Documents\Arduino\libraries\minizip-ng-develop\mz_os_win32.c">
      <Filter>src\_micro-api-readonly\libraries\minizip-ng-develop</Filter>
    </ClCompile>
    <ClCompile Include="..\..\..\Documents\Arduino\libraries\minizip-ng-develop\mz_strm.c">
      <Filter>src\_micro-api-readonly\libraries\minizip-ng-develop</Filter>
    </ClCompile>
    <ClCompile Include="..\..\..\Documents\Arduino\libraries\minizip-ng-develop\mz_strm_buf.c">
      <Filter>src\_micro-api-readonly\libraries\minizip-ng-develop</Filter>
    </ClCompile>
    <ClCompile Include="..\..\..\Documents\Arduino\libraries\minizip-ng-develop\mz_strm_bzip.c">
      <Filter>src\_micro-api-readonly\libraries\minizip-ng-develop</Filter>
    </ClCompile>
    <ClCompile Include="..\..\..\Documents\Arduino\libraries\minizip-ng-develop\mz_strm_libcomp.c">
      <Filter>src\_micro-api-readonly\libraries\minizip-ng-develop</Filter>
    </ClCompile>
    <ClCompile Include="..\..\..\Documents\Arduino\libraries\minizip-ng-develop\mz_strm_lzma.c">
      <Filter>src\_micro-api-readonly\libraries\minizip-ng-develop</Filter>
    </ClCompile>
    <ClCompile Include="..\..\..\Documents\Arduino\libraries\minizip-ng-develop\mz_strm_mem.c">
      <Filter>src\_micro-api-readonly\libraries\minizip-ng-develop</Filter>
    </ClCompile>
    <ClCompile Include="..\..\..\Documents\Arduino\libraries\minizip-ng-develop\mz_strm_os_posix.c">
      <Filter>src\_micro-api-readonly\libraries\minizip-ng-develop</Filter>
    </ClCompile>
    <ClCompile Include="..\..\..\Documents\Arduino\libraries\minizip-ng-develop\mz_strm_os_win32.c">
      <Filter>src\_micro-api-readonly\libraries\minizip-ng-develop</Filter>
    </ClCompile>
    <ClCompile Include="..\..\..\Documents\Arduino\libraries\minizip-ng-develop\mz_strm_pkcrypt.c">
      <Filter>src\_micro-api-readonly\libraries\minizip-ng-develop</Filter>
    </ClCompile>
    <ClCompile Include="..\..\..\Documents\Arduino\libraries\minizip-ng-develop\mz_strm_split.c">
      <Filter>src\_micro-api-readonly\libraries\minizip-ng-develop</Filter>
    </ClCompile>
    <ClCompile Include="..\..\..\Documents\Arduino\libraries\minizip-ng-develop\mz_strm_wzaes.c">
      <Filter>src\_micro-api-readonly\libraries\minizip-ng-develop</Filter>
    </ClCompile>
    <ClCompile Include="..\..\..\Documents\Arduino\libraries\minizip-ng-develop\mz_strm_zlib.c">
      <Filter>src\_micro-api-readonly\libraries\minizip-ng-develop</Filter>
    </ClCompile>
    <ClCompile Include="..\..\..\Documents\Arduino\libraries\minizip-ng-develop\mz_strm_zstd.c">
      <Filter>src\_micro-api-readonly\libraries\minizip-ng-develop</Filter>
    </ClCompile>
    <ClCompile Include="..\..\..\Documents\Arduino\libraries\minizip-ng-develop\mz_zip.c">
      <Filter>src\_micro-api-readonly\libraries\minizip-ng-develop</Filter>
    </ClCompile>
    <ClCompile Include="..\..\..\Documents\Arduino\libraries\minizip-ng-develop\mz_zip_rw.c">
      <Filter>src\_micro-api-readonly\libraries\minizip-ng-develop</Filter>
    </ClCompile>
  </ItemGroup>
  <ItemGroup>
    <Text Include="..\..\..\Documents\Arduino\libraries\miniz-master\CMakeLists.txt">
      <Filter>src\_micro-api-readonly\libraries\miniz-master</Filter>
    </Text>
    <Text Include="..\..\..\Documents\Arduino\libraries\minizip-ng-develop\CMakeLists.txt">
      <Filter>src\_micro-api-readonly\libraries\minizip-ng-develop</Filter>
    </Text>
  </ItemGroup>
  <ItemGroup>
    <None Include="..\..\..\Documents\Arduino\libraries\miniz-master\CMakePresets.json">
      <Filter>src\_micro-api-readonly\libraries\miniz-master</Filter>
    </None>
  </ItemGroup>
</Project>